// !$*UTF8*$!
{
	archiveVersion = 1;
	classes = {
	};
	objectVersion = 46;
	objects = {

/* Begin PBXBuildFile section */
		00E356F31AD99517003FC87E /* NebraTests.m in Sources */ = {isa = PBXBuildFile; fileRef = 00E356F21AD99517003FC87E /* NebraTests.m */; };
		13B07FBC1A68108700A75B9A /* AppDelegate.mm in Sources */ = {isa = PBXBuildFile; fileRef = 13B07FB01A68108700A75B9A /* AppDelegate.mm */; };
		13B07FBF1A68108700A75B9A /* Images.xcassets in Resources */ = {isa = PBXBuildFile; fileRef = 13B07FB51A68108700A75B9A /* Images.xcassets */; };
		13B07FC11A68108700A75B9A /* main.m in Sources */ = {isa = PBXBuildFile; fileRef = 13B07FB71A68108700A75B9A /* main.m */; };
		1D60E4A1E4684B6EAA3FC42C /* NotoSerif-Regular.ttf in Resources */ = {isa = PBXBuildFile; fileRef = DD049305D59C415C928D12A4 /* NotoSerif-Regular.ttf */; };
		36A3CD3DF0F348F7B14E5E7B /* NotoSerif-BoldItalic.ttf in Resources */ = {isa = PBXBuildFile; fileRef = 42368FC6CF2C45249AA70569 /* NotoSerif-BoldItalic.ttf */; };
		3AAA8194DB4D059944852532 /* ExpoModulesProvider.swift in Sources */ = {isa = PBXBuildFile; fileRef = 64D65FC53696548063B0CA59 /* ExpoModulesProvider.swift */; };
		3ABE5B1E93EA450A98ACD11C /* Soleil-Bold.ttf in Resources */ = {isa = PBXBuildFile; fileRef = B04C0FACF44046A7B6386267 /* Soleil-Bold.ttf */; };
		3C2D26697DA9DE0D62775384 /* libPods-Nebra.a in Frameworks */ = {isa = PBXBuildFile; fileRef = A8C2C551342F5A01DDC30CEC /* libPods-Nebra.a */; };
		3C3B78E8216E4A24B3D41182 /* Soleil-SemiBold.otf in Resources */ = {isa = PBXBuildFile; fileRef = BFC64B4103074D7AA69E04D9 /* Soleil-SemiBold.otf */; };
		4A77FB337CAD456D9370EFC6 /* Inter-MediumItalic.otf in Resources */ = {isa = PBXBuildFile; fileRef = EE865C00D31F47798364F638 /* Inter-MediumItalic.otf */; };
		4BA26FE8BF3F4C21834310E0 /* Inter-Black.otf in Resources */ = {isa = PBXBuildFile; fileRef = 7AF3B2B9D978452B9802793E /* Inter-Black.otf */; };
		52DF7BF9B6F6812C987607E2 /* ExpoModulesProvider.swift in Sources */ = {isa = PBXBuildFile; fileRef = 1B7F384B36BEBF65291C3764 /* ExpoModulesProvider.swift */; };
		5906EE5D2CDC48419E7A1B5B /* Inter-Thin.otf in Resources */ = {isa = PBXBuildFile; fileRef = 194757A61DA44CB6B84C901B /* Inter-Thin.otf */; };
		5F985E57455542968CBF8D08 /* InputMono-Light.ttf in Resources */ = {isa = PBXBuildFile; fileRef = 8663B75D37AD42248F8FEE5C /* InputMono-Light.ttf */; };
		61A19470368E44DA9DDCA6EB /* Inter-Regular.otf in Resources */ = {isa = PBXBuildFile; fileRef = 10D550C7ED0D4ED9881DB9F6 /* Inter-Regular.otf */; };
		65E1C9BDDF8F4ABE83664BF6 /* InputMono-Bold.ttf in Resources */ = {isa = PBXBuildFile; fileRef = 49D24060E2F6475A9C7F0A3C /* InputMono-Bold.ttf */; };
		6661ED5CB29F47B79F0AC99C /* Inter-Italic.otf in Resources */ = {isa = PBXBuildFile; fileRef = 1981C7F74281477090AF24E8 /* Inter-Italic.otf */; };
		6EFFB6485D1346E2A1AFEFF5 /* Inter-ExtraLight.otf in Resources */ = {isa = PBXBuildFile; fileRef = 9948C330F5A041D4965958BE /* Inter-ExtraLight.otf */; };
		78771B5356165C9F7AF63C78 /* libPods-Nebra-NebraTests.a in Frameworks */ = {isa = PBXBuildFile; fileRef = ED9B03F4EE6066C138C909EC /* libPods-Nebra-NebraTests.a */; };
		81AB9BB82411601600AC10FF /* LaunchScreen.storyboard in Resources */ = {isa = PBXBuildFile; fileRef = 81AB9BB72411601600AC10FF /* LaunchScreen.storyboard */; };
		8D875E73C9EF4FDBAFE0BC04 /* NotoSerif-Italic.ttf in Resources */ = {isa = PBXBuildFile; fileRef = C56E7BBFD25F493485E29F50 /* NotoSerif-Italic.ttf */; };
		8E1FA42FB6B249DD935F3230 /* InputMono-Medium.ttf in Resources */ = {isa = PBXBuildFile; fileRef = 2E9EB1714E79456AADB1DAB7 /* InputMono-Medium.ttf */; };
		94D04421FF644811AB74A577 /* SplashScreen.storyboard in Resources */ = {isa = PBXBuildFile; fileRef = AB5EFA40EEE5497BB8817E49 /* SplashScreen.storyboard */; };
		964E9C302638CD0C00CCBCCC /* bridge.swift in Sources */ = {isa = PBXBuildFile; fileRef = 964E9C2F2638CD0C00CCBCCC /* bridge.swift */; };
		9831B45C0C934D5DA7C1E376 /* Inter-V.ttf in Resources */ = {isa = PBXBuildFile; fileRef = C5F68EC473F1401E8BA6E90E /* Inter-V.ttf */; };
		AB1857680BD24A12948F47A0 /* Inter-Bold.otf in Resources */ = {isa = PBXBuildFile; fileRef = D9F43C83056C42FB97DD6F7B /* Inter-Bold.otf */; };
		B0ADCAB187E146A2A2E0F646 /* Inter-SemiBoldItalic.otf in Resources */ = {isa = PBXBuildFile; fileRef = 9805AE8FF826418AB3C89816 /* Inter-SemiBoldItalic.otf */; };
		BC1C8D2066F94F6A9FB9C4FA /* Inter-BlackItalic.otf in Resources */ = {isa = PBXBuildFile; fileRef = A350AB28C29843339950CAAA /* Inter-BlackItalic.otf */; };
		BFC02D3E6B594D2599F7F51A /* InputMono-Regular.ttf in Resources */ = {isa = PBXBuildFile; fileRef = FE0FAF4483384BF1BF9042B6 /* InputMono-Regular.ttf */; };
		C8AA8C82087A452EABEC614F /* Inter-Light.otf in Resources */ = {isa = PBXBuildFile; fileRef = 751B66B213714C59A79D2D2D /* Inter-Light.otf */; };
		C8D2547F52474DBA870637A3 /* Soleil-Regular.otf in Resources */ = {isa = PBXBuildFile; fileRef = 68D481494AB54729938986C7 /* Soleil-Regular.otf */; };
		C8FA9CAE35254E1BB6E3DF55 /* Inter-SemiBold.otf in Resources */ = {isa = PBXBuildFile; fileRef = 7A960030C6DD48769B05DC18 /* Inter-SemiBold.otf */; };
		DC1FCD22462C44DF9D5B28D1 /* Soleil-Book.otf in Resources */ = {isa = PBXBuildFile; fileRef = FF75445FEB124F46B3AE0793 /* Soleil-Book.otf */; };
		E02E6649D9A84B2EBE4A2C8E /* Inter-Medium.otf in Resources */ = {isa = PBXBuildFile; fileRef = 0B94E653FDA5418794E1363D /* Inter-Medium.otf */; };
		E3B4BE6121004BE390342382 /* NotoSerif-Bold.ttf in Resources */ = {isa = PBXBuildFile; fileRef = 18440AE4D1FF4D94B24E20C5 /* NotoSerif-Bold.ttf */; };
		E6A35AB4E531457597AD427E /* Inter-ThinItalic.otf in Resources */ = {isa = PBXBuildFile; fileRef = C1E82B90540E4E179C192CD2 /* Inter-ThinItalic.otf */; };
		E7A35657F9204661B2E42451 /* Inter-ExtraLightItalic.otf in Resources */ = {isa = PBXBuildFile; fileRef = 7431FE7176504C62ACBB568A /* Inter-ExtraLightItalic.otf */; };
		F149B238DB484C94AB4A698C /* Inter-BoldItalic.otf in Resources */ = {isa = PBXBuildFile; fileRef = 4818542C66034B959FD4EFAD /* Inter-BoldItalic.otf */; };
		F4C03F23BF854FCC8E672AB0 /* Inter-ExtraBold.otf in Resources */ = {isa = PBXBuildFile; fileRef = F27587BE65C345D4A56C622A /* Inter-ExtraBold.otf */; };
		F68DCB2D248C48D1B21317C9 /* Inter-ExtraBoldItalic.otf in Resources */ = {isa = PBXBuildFile; fileRef = D5F2703F8A784EA78F77067E /* Inter-ExtraBoldItalic.otf */; };
		F7EC3B25C8DD4087BE093542 /* Soleil-Light.otf in Resources */ = {isa = PBXBuildFile; fileRef = ED61005034144775AB735610 /* Soleil-Light.otf */; };
		F8DCE83B8C214420BAD4FB6F /* Inter-LightItalic.otf in Resources */ = {isa = PBXBuildFile; fileRef = 99A2BCE84307474886CFA5DB /* Inter-LightItalic.otf */; };
/* End PBXBuildFile section */

/* Begin PBXContainerItemProxy section */
		00E356F41AD99517003FC87E /* PBXContainerItemProxy */ = {
			isa = PBXContainerItemProxy;
			containerPortal = 83CBB9F71A601CBA00E9B192 /* Project object */;
			proxyType = 1;
			remoteGlobalIDString = 13B07F861A680F5B00A75B9A;
			remoteInfo = Nebra;
		};
/* End PBXContainerItemProxy section */

/* Begin PBXCopyFilesBuildPhase section */
		F8B0E225256300AD00EB1E73 /* Embed App Extensions */ = {
			isa = PBXCopyFilesBuildPhase;
			buildActionMask = 2147483647;
			dstPath = "";
			dstSubfolderSpec = 13;
			files = (
			);
			name = "Embed App Extensions";
			runOnlyForDeploymentPostprocessing = 0;
		};
/* End PBXCopyFilesBuildPhase section */

/* Begin PBXFileReference section */
		008F07F21AC5B25A0029DE68 /* main.jsbundle */ = {isa = PBXFileReference; fileEncoding = 4; lastKnownFileType = text; path = main.jsbundle; sourceTree = "<group>"; };
		00E356EE1AD99517003FC87E /* NebraTests.xctest */ = {isa = PBXFileReference; explicitFileType = wrapper.cfbundle; includeInIndex = 0; path = NebraTests.xctest; sourceTree = BUILT_PRODUCTS_DIR; };
		00E356F11AD99517003FC87E /* Info.plist */ = {isa = PBXFileReference; lastKnownFileType = text.plist.xml; path = Info.plist; sourceTree = "<group>"; };
		00E356F21AD99517003FC87E /* NebraTests.m */ = {isa = PBXFileReference; lastKnownFileType = sourcecode.c.objc; path = NebraTests.m; sourceTree = "<group>"; };
		0B94E653FDA5418794E1363D /* Inter-Medium.otf */ = {isa = PBXFileReference; explicitFileType = undefined; fileEncoding = 9; includeInIndex = 0; lastKnownFileType = unknown; name = "Inter-Medium.otf"; path = "../src/assets/fonts/Inter-Medium.otf"; sourceTree = "<group>"; };
		10D550C7ED0D4ED9881DB9F6 /* Inter-Regular.otf */ = {isa = PBXFileReference; explicitFileType = undefined; fileEncoding = 9; includeInIndex = 0; lastKnownFileType = unknown; name = "Inter-Regular.otf"; path = "../src/assets/fonts/Inter-Regular.otf"; sourceTree = "<group>"; };
		131B3F2792FC4EFA005595E1 /* Pods-Nebra.release.xcconfig */ = {isa = PBXFileReference; includeInIndex = 1; lastKnownFileType = text.xcconfig; name = "Pods-Nebra.release.xcconfig"; path = "Target Support Files/Pods-Nebra/Pods-Nebra.release.xcconfig"; sourceTree = "<group>"; };
		13B07F961A680F5B00A75B9A /* Nebra.app */ = {isa = PBXFileReference; explicitFileType = wrapper.application; includeInIndex = 0; path = Nebra.app; sourceTree = BUILT_PRODUCTS_DIR; };
		13B07FAF1A68108700A75B9A /* AppDelegate.h */ = {isa = PBXFileReference; fileEncoding = 4; lastKnownFileType = sourcecode.c.h; name = AppDelegate.h; path = Nebra/AppDelegate.h; sourceTree = "<group>"; };
		13B07FB01A68108700A75B9A /* AppDelegate.mm */ = {isa = PBXFileReference; fileEncoding = 4; lastKnownFileType = sourcecode.c.objc; name = AppDelegate.mm; path = Nebra/AppDelegate.mm; sourceTree = "<group>"; };
		13B07FB51A68108700A75B9A /* Images.xcassets */ = {isa = PBXFileReference; lastKnownFileType = folder.assetcatalog; name = Images.xcassets; path = Nebra/Images.xcassets; sourceTree = "<group>"; };
		13B07FB61A68108700A75B9A /* Info.plist */ = {isa = PBXFileReference; fileEncoding = 4; lastKnownFileType = text.plist.xml; name = Info.plist; path = Nebra/Info.plist; sourceTree = "<group>"; };
		13B07FB71A68108700A75B9A /* main.m */ = {isa = PBXFileReference; fileEncoding = 4; lastKnownFileType = sourcecode.c.objc; name = main.m; path = Nebra/main.m; sourceTree = "<group>"; };
		18440AE4D1FF4D94B24E20C5 /* NotoSerif-Bold.ttf */ = {isa = PBXFileReference; explicitFileType = undefined; fileEncoding = 9; includeInIndex = 0; lastKnownFileType = unknown; name = "NotoSerif-Bold.ttf"; path = "../src/assets/fonts/NotoSerif-Bold.ttf"; sourceTree = "<group>"; };
		194757A61DA44CB6B84C901B /* Inter-Thin.otf */ = {isa = PBXFileReference; explicitFileType = undefined; fileEncoding = 9; includeInIndex = 0; lastKnownFileType = unknown; name = "Inter-Thin.otf"; path = "../src/assets/fonts/Inter-Thin.otf"; sourceTree = "<group>"; };
		1981C7F74281477090AF24E8 /* Inter-Italic.otf */ = {isa = PBXFileReference; explicitFileType = undefined; fileEncoding = 9; includeInIndex = 0; lastKnownFileType = unknown; name = "Inter-Italic.otf"; path = "../src/assets/fonts/Inter-Italic.otf"; sourceTree = "<group>"; };
		1B7F384B36BEBF65291C3764 /* ExpoModulesProvider.swift */ = {isa = PBXFileReference; includeInIndex = 1; lastKnownFileType = sourcecode.swift; name = ExpoModulesProvider.swift; path = "Pods/Target Support Files/Pods-Nebra-NebraTests/ExpoModulesProvider.swift"; sourceTree = "<group>"; };
		25340B7256A37E523AF6B776 /* Pods-Nebra.debug.xcconfig */ = {isa = PBXFileReference; includeInIndex = 1; lastKnownFileType = text.xcconfig; name = "Pods-Nebra.debug.xcconfig"; path = "Target Support Files/Pods-Nebra/Pods-Nebra.debug.xcconfig"; sourceTree = "<group>"; };
		2E9EB1714E79456AADB1DAB7 /* InputMono-Medium.ttf */ = {isa = PBXFileReference; explicitFileType = undefined; fileEncoding = 9; includeInIndex = 0; lastKnownFileType = unknown; name = "InputMono-Medium.ttf"; path = "../src/assets/fonts/InputMono-Medium.ttf"; sourceTree = "<group>"; };
		42368FC6CF2C45249AA70569 /* NotoSerif-BoldItalic.ttf */ = {isa = PBXFileReference; explicitFileType = undefined; fileEncoding = 9; includeInIndex = 0; lastKnownFileType = unknown; name = "NotoSerif-BoldItalic.ttf"; path = "../src/assets/fonts/NotoSerif-BoldItalic.ttf"; sourceTree = "<group>"; };
		4818542C66034B959FD4EFAD /* Inter-BoldItalic.otf */ = {isa = PBXFileReference; explicitFileType = undefined; fileEncoding = 9; includeInIndex = 0; lastKnownFileType = unknown; name = "Inter-BoldItalic.otf"; path = "../src/assets/fonts/Inter-BoldItalic.otf"; sourceTree = "<group>"; };
		49D24060E2F6475A9C7F0A3C /* InputMono-Bold.ttf */ = {isa = PBXFileReference; explicitFileType = undefined; fileEncoding = 9; includeInIndex = 0; lastKnownFileType = unknown; name = "InputMono-Bold.ttf"; path = "../src/assets/fonts/InputMono-Bold.ttf"; sourceTree = "<group>"; };
		64D65FC53696548063B0CA59 /* ExpoModulesProvider.swift */ = {isa = PBXFileReference; includeInIndex = 1; lastKnownFileType = sourcecode.swift; name = ExpoModulesProvider.swift; path = "Pods/Target Support Files/Pods-Nebra/ExpoModulesProvider.swift"; sourceTree = "<group>"; };
		68D481494AB54729938986C7 /* Soleil-Regular.otf */ = {isa = PBXFileReference; explicitFileType = undefined; fileEncoding = 9; includeInIndex = 0; lastKnownFileType = unknown; name = "Soleil-Regular.otf"; path = "../src/assets/fonts/Soleil-Regular.otf"; sourceTree = "<group>"; };
		7431FE7176504C62ACBB568A /* Inter-ExtraLightItalic.otf */ = {isa = PBXFileReference; explicitFileType = undefined; fileEncoding = 9; includeInIndex = 0; lastKnownFileType = unknown; name = "Inter-ExtraLightItalic.otf"; path = "../src/assets/fonts/Inter-ExtraLightItalic.otf"; sourceTree = "<group>"; };
		751B66B213714C59A79D2D2D /* Inter-Light.otf */ = {isa = PBXFileReference; explicitFileType = undefined; fileEncoding = 9; includeInIndex = 0; lastKnownFileType = unknown; name = "Inter-Light.otf"; path = "../src/assets/fonts/Inter-Light.otf"; sourceTree = "<group>"; };
		75C57F1A27EC18980053B80C /* NebraRelease.entitlements */ = {isa = PBXFileReference; lastKnownFileType = text.plist.entitlements; name = NebraRelease.entitlements; path = Nebra/NebraRelease.entitlements; sourceTree = "<group>"; };
		7A960030C6DD48769B05DC18 /* Inter-SemiBold.otf */ = {isa = PBXFileReference; explicitFileType = undefined; fileEncoding = 9; includeInIndex = 0; lastKnownFileType = unknown; name = "Inter-SemiBold.otf"; path = "../src/assets/fonts/Inter-SemiBold.otf"; sourceTree = "<group>"; };
		7AF3B2B9D978452B9802793E /* Inter-Black.otf */ = {isa = PBXFileReference; explicitFileType = undefined; fileEncoding = 9; includeInIndex = 0; lastKnownFileType = unknown; name = "Inter-Black.otf"; path = "../src/assets/fonts/Inter-Black.otf"; sourceTree = "<group>"; };
		81AB9BB72411601600AC10FF /* LaunchScreen.storyboard */ = {isa = PBXFileReference; fileEncoding = 4; lastKnownFileType = file.storyboard; name = LaunchScreen.storyboard; path = Nebra/LaunchScreen.storyboard; sourceTree = "<group>"; };
		8663B75D37AD42248F8FEE5C /* InputMono-Light.ttf */ = {isa = PBXFileReference; explicitFileType = undefined; fileEncoding = 9; includeInIndex = 0; lastKnownFileType = unknown; name = "InputMono-Light.ttf"; path = "../src/assets/fonts/InputMono-Light.ttf"; sourceTree = "<group>"; };
		964E9C2E2638CD0B00CCBCCC /* Nebra-Bridging-Header.h */ = {isa = PBXFileReference; lastKnownFileType = sourcecode.c.h; path = "Nebra-Bridging-Header.h"; sourceTree = "<group>"; };
		964E9C2F2638CD0C00CCBCCC /* bridge.swift */ = {isa = PBXFileReference; lastKnownFileType = sourcecode.swift; path = bridge.swift; sourceTree = "<group>"; };
		9805AE8FF826418AB3C89816 /* Inter-SemiBoldItalic.otf */ = {isa = PBXFileReference; explicitFileType = undefined; fileEncoding = 9; includeInIndex = 0; lastKnownFileType = unknown; name = "Inter-SemiBoldItalic.otf"; path = "../src/assets/fonts/Inter-SemiBoldItalic.otf"; sourceTree = "<group>"; };
		9948C330F5A041D4965958BE /* Inter-ExtraLight.otf */ = {isa = PBXFileReference; explicitFileType = undefined; fileEncoding = 9; includeInIndex = 0; lastKnownFileType = unknown; name = "Inter-ExtraLight.otf"; path = "../src/assets/fonts/Inter-ExtraLight.otf"; sourceTree = "<group>"; };
		99A2BCE84307474886CFA5DB /* Inter-LightItalic.otf */ = {isa = PBXFileReference; explicitFileType = undefined; fileEncoding = 9; includeInIndex = 0; lastKnownFileType = unknown; name = "Inter-LightItalic.otf"; path = "../src/assets/fonts/Inter-LightItalic.otf"; sourceTree = "<group>"; };
		A350AB28C29843339950CAAA /* Inter-BlackItalic.otf */ = {isa = PBXFileReference; explicitFileType = undefined; fileEncoding = 9; includeInIndex = 0; lastKnownFileType = unknown; name = "Inter-BlackItalic.otf"; path = "../src/assets/fonts/Inter-BlackItalic.otf"; sourceTree = "<group>"; };
		A8C2C551342F5A01DDC30CEC /* libPods-Nebra.a */ = {isa = PBXFileReference; explicitFileType = archive.ar; includeInIndex = 0; path = "libPods-Nebra.a"; sourceTree = BUILT_PRODUCTS_DIR; };
		AB5EFA40EEE5497BB8817E49 /* SplashScreen.storyboard */ = {isa = PBXFileReference; fileEncoding = 4; lastKnownFileType = file.storyboard; name = SplashScreen.storyboard; path = Nebra/SplashScreen.storyboard; sourceTree = "<group>"; };
		B04C0FACF44046A7B6386267 /* Soleil-Bold.ttf */ = {isa = PBXFileReference; explicitFileType = undefined; fileEncoding = 9; includeInIndex = 0; lastKnownFileType = unknown; name = "Soleil-Bold.ttf"; path = "../src/assets/fonts/Soleil-Bold.ttf"; sourceTree = "<group>"; };
		BFB45BBD2A85DBD1301D84BC /* Pods-Nebra-NebraTests.debug.xcconfig */ = {isa = PBXFileReference; includeInIndex = 1; lastKnownFileType = text.xcconfig; name = "Pods-Nebra-NebraTests.debug.xcconfig"; path = "Target Support Files/Pods-Nebra-NebraTests/Pods-Nebra-NebraTests.debug.xcconfig"; sourceTree = "<group>"; };
		BFC64B4103074D7AA69E04D9 /* Soleil-SemiBold.otf */ = {isa = PBXFileReference; explicitFileType = undefined; fileEncoding = 9; includeInIndex = 0; lastKnownFileType = unknown; name = "Soleil-SemiBold.otf"; path = "../src/assets/fonts/Soleil-SemiBold.otf"; sourceTree = "<group>"; };
		C1E82B90540E4E179C192CD2 /* Inter-ThinItalic.otf */ = {isa = PBXFileReference; explicitFileType = undefined; fileEncoding = 9; includeInIndex = 0; lastKnownFileType = unknown; name = "Inter-ThinItalic.otf"; path = "../src/assets/fonts/Inter-ThinItalic.otf"; sourceTree = "<group>"; };
		C56E7BBFD25F493485E29F50 /* NotoSerif-Italic.ttf */ = {isa = PBXFileReference; explicitFileType = undefined; fileEncoding = 9; includeInIndex = 0; lastKnownFileType = unknown; name = "NotoSerif-Italic.ttf"; path = "../src/assets/fonts/NotoSerif-Italic.ttf"; sourceTree = "<group>"; };
		C5F68EC473F1401E8BA6E90E /* Inter-V.ttf */ = {isa = PBXFileReference; explicitFileType = undefined; fileEncoding = 9; includeInIndex = 0; lastKnownFileType = unknown; name = "Inter-V.ttf"; path = "../src/assets/fonts/Inter-V.ttf"; sourceTree = "<group>"; };
		D5F2703F8A784EA78F77067E /* Inter-ExtraBoldItalic.otf */ = {isa = PBXFileReference; explicitFileType = undefined; fileEncoding = 9; includeInIndex = 0; lastKnownFileType = unknown; name = "Inter-ExtraBoldItalic.otf"; path = "../src/assets/fonts/Inter-ExtraBoldItalic.otf"; sourceTree = "<group>"; };
		D9F43C83056C42FB97DD6F7B /* Inter-Bold.otf */ = {isa = PBXFileReference; explicitFileType = undefined; fileEncoding = 9; includeInIndex = 0; lastKnownFileType = unknown; name = "Inter-Bold.otf"; path = "../src/assets/fonts/Inter-Bold.otf"; sourceTree = "<group>"; };
		DD049305D59C415C928D12A4 /* NotoSerif-Regular.ttf */ = {isa = PBXFileReference; explicitFileType = undefined; fileEncoding = 9; includeInIndex = 0; lastKnownFileType = unknown; name = "NotoSerif-Regular.ttf"; path = "../src/assets/fonts/NotoSerif-Regular.ttf"; sourceTree = "<group>"; };
		DE9CC2ABA6BCC071224EC7DF /* Pods-Nebra-NebraTests.release.xcconfig */ = {isa = PBXFileReference; includeInIndex = 1; lastKnownFileType = text.xcconfig; name = "Pods-Nebra-NebraTests.release.xcconfig"; path = "Target Support Files/Pods-Nebra-NebraTests/Pods-Nebra-NebraTests.release.xcconfig"; sourceTree = "<group>"; };
		ED297162215061F000B7C4FE /* JavaScriptCore.framework */ = {isa = PBXFileReference; lastKnownFileType = wrapper.framework; name = JavaScriptCore.framework; path = System/Library/Frameworks/JavaScriptCore.framework; sourceTree = SDKROOT; };
		ED2971642150620600B7C4FE /* JavaScriptCore.framework */ = {isa = PBXFileReference; lastKnownFileType = wrapper.framework; name = JavaScriptCore.framework; path = Platforms/AppleTVOS.platform/Developer/SDKs/AppleTVOS12.0.sdk/System/Library/Frameworks/JavaScriptCore.framework; sourceTree = DEVELOPER_DIR; };
		ED61005034144775AB735610 /* Soleil-Light.otf */ = {isa = PBXFileReference; explicitFileType = undefined; fileEncoding = 9; includeInIndex = 0; lastKnownFileType = unknown; name = "Soleil-Light.otf"; path = "../src/assets/fonts/Soleil-Light.otf"; sourceTree = "<group>"; };
		ED9B03F4EE6066C138C909EC /* libPods-Nebra-NebraTests.a */ = {isa = PBXFileReference; explicitFileType = archive.ar; includeInIndex = 0; path = "libPods-Nebra-NebraTests.a"; sourceTree = BUILT_PRODUCTS_DIR; };
		EE865C00D31F47798364F638 /* Inter-MediumItalic.otf */ = {isa = PBXFileReference; explicitFileType = undefined; fileEncoding = 9; includeInIndex = 0; lastKnownFileType = unknown; name = "Inter-MediumItalic.otf"; path = "../src/assets/fonts/Inter-MediumItalic.otf"; sourceTree = "<group>"; };
		F27587BE65C345D4A56C622A /* Inter-ExtraBold.otf */ = {isa = PBXFileReference; explicitFileType = undefined; fileEncoding = 9; includeInIndex = 0; lastKnownFileType = unknown; name = "Inter-ExtraBold.otf"; path = "../src/assets/fonts/Inter-ExtraBold.otf"; sourceTree = "<group>"; };
		F8B0E2112563005D00EB1E73 /* Nebra.entitlements */ = {isa = PBXFileReference; lastKnownFileType = text.plist.entitlements; name = Nebra.entitlements; path = Nebra/Nebra.entitlements; sourceTree = "<group>"; };
		FE0FAF4483384BF1BF9042B6 /* InputMono-Regular.ttf */ = {isa = PBXFileReference; explicitFileType = undefined; fileEncoding = 9; includeInIndex = 0; lastKnownFileType = unknown; name = "InputMono-Regular.ttf"; path = "../src/assets/fonts/InputMono-Regular.ttf"; sourceTree = "<group>"; };
		FF75445FEB124F46B3AE0793 /* Soleil-Book.otf */ = {isa = PBXFileReference; explicitFileType = undefined; fileEncoding = 9; includeInIndex = 0; lastKnownFileType = unknown; name = "Soleil-Book.otf"; path = "../src/assets/fonts/Soleil-Book.otf"; sourceTree = "<group>"; };
/* End PBXFileReference section */

/* Begin PBXFrameworksBuildPhase section */
		00E356EB1AD99517003FC87E /* Frameworks */ = {
			isa = PBXFrameworksBuildPhase;
			buildActionMask = 2147483647;
			files = (
				78771B5356165C9F7AF63C78 /* libPods-Nebra-NebraTests.a in Frameworks */,
			);
			runOnlyForDeploymentPostprocessing = 0;
		};
		13B07F8C1A680F5B00A75B9A /* Frameworks */ = {
			isa = PBXFrameworksBuildPhase;
			buildActionMask = 2147483647;
			files = (
				3C2D26697DA9DE0D62775384 /* libPods-Nebra.a in Frameworks */,
			);
			runOnlyForDeploymentPostprocessing = 0;
		};
/* End PBXFrameworksBuildPhase section */

/* Begin PBXGroup section */
		00E356EF1AD99517003FC87E /* NebraTests */ = {
			isa = PBXGroup;
			children = (
				00E356F21AD99517003FC87E /* NebraTests.m */,
				00E356F01AD99517003FC87E /* Supporting Files */,
			);
			path = NebraTests;
			sourceTree = "<group>";
		};
		00E356F01AD99517003FC87E /* Supporting Files */ = {
			isa = PBXGroup;
			children = (
				00E356F11AD99517003FC87E /* Info.plist */,
			);
			name = "Supporting Files";
			sourceTree = "<group>";
		};
		13B07FAE1A68108700A75B9A /* Nebra */ = {
			isa = PBXGroup;
			children = (
				75C57F1A27EC18980053B80C /* NebraRelease.entitlements */,
				F8B0E2112563005D00EB1E73 /* Nebra.entitlements */,
				008F07F21AC5B25A0029DE68 /* main.jsbundle */,
				13B07FAF1A68108700A75B9A /* AppDelegate.h */,
				13B07FB01A68108700A75B9A /* AppDelegate.mm */,
				13B07FB51A68108700A75B9A /* Images.xcassets */,
				13B07FB61A68108700A75B9A /* Info.plist */,
				81AB9BB72411601600AC10FF /* LaunchScreen.storyboard */,
				13B07FB71A68108700A75B9A /* main.m */,
				964E9C2F2638CD0C00CCBCCC /* bridge.swift */,
				964E9C2E2638CD0B00CCBCCC /* Nebra-Bridging-Header.h */,
				AB5EFA40EEE5497BB8817E49 /* SplashScreen.storyboard */,
			);
			name = Nebra;
			sourceTree = "<group>";
		};
		19535BEA8BAE3F89ABBA9005 /* Nebra */ = {
			isa = PBXGroup;
			children = (
				64D65FC53696548063B0CA59 /* ExpoModulesProvider.swift */,
			);
			name = Nebra;
			sourceTree = "<group>";
		};
		2D16E6871FA4F8E400B85C8A /* Frameworks */ = {
			isa = PBXGroup;
			children = (
				ED297162215061F000B7C4FE /* JavaScriptCore.framework */,
				ED2971642150620600B7C4FE /* JavaScriptCore.framework */,
				A8C2C551342F5A01DDC30CEC /* libPods-Nebra.a */,
				ED9B03F4EE6066C138C909EC /* libPods-Nebra-NebraTests.a */,
			);
			name = Frameworks;
			sourceTree = "<group>";
		};
		4E395C02883C4FB2ADE7CF53 /* Resources */ = {
			isa = PBXGroup;
			children = (
				49D24060E2F6475A9C7F0A3C /* InputMono-Bold.ttf */,
				8663B75D37AD42248F8FEE5C /* InputMono-Light.ttf */,
				2E9EB1714E79456AADB1DAB7 /* InputMono-Medium.ttf */,
				FE0FAF4483384BF1BF9042B6 /* InputMono-Regular.ttf */,
				7AF3B2B9D978452B9802793E /* Inter-Black.otf */,
				A350AB28C29843339950CAAA /* Inter-BlackItalic.otf */,
				D9F43C83056C42FB97DD6F7B /* Inter-Bold.otf */,
				4818542C66034B959FD4EFAD /* Inter-BoldItalic.otf */,
				F27587BE65C345D4A56C622A /* Inter-ExtraBold.otf */,
				D5F2703F8A784EA78F77067E /* Inter-ExtraBoldItalic.otf */,
				9948C330F5A041D4965958BE /* Inter-ExtraLight.otf */,
				7431FE7176504C62ACBB568A /* Inter-ExtraLightItalic.otf */,
				1981C7F74281477090AF24E8 /* Inter-Italic.otf */,
				751B66B213714C59A79D2D2D /* Inter-Light.otf */,
				99A2BCE84307474886CFA5DB /* Inter-LightItalic.otf */,
				0B94E653FDA5418794E1363D /* Inter-Medium.otf */,
				EE865C00D31F47798364F638 /* Inter-MediumItalic.otf */,
				10D550C7ED0D4ED9881DB9F6 /* Inter-Regular.otf */,
				7A960030C6DD48769B05DC18 /* Inter-SemiBold.otf */,
				9805AE8FF826418AB3C89816 /* Inter-SemiBoldItalic.otf */,
				194757A61DA44CB6B84C901B /* Inter-Thin.otf */,
				C1E82B90540E4E179C192CD2 /* Inter-ThinItalic.otf */,
				C5F68EC473F1401E8BA6E90E /* Inter-V.ttf */,
				18440AE4D1FF4D94B24E20C5 /* NotoSerif-Bold.ttf */,
				42368FC6CF2C45249AA70569 /* NotoSerif-BoldItalic.ttf */,
				C56E7BBFD25F493485E29F50 /* NotoSerif-Italic.ttf */,
				DD049305D59C415C928D12A4 /* NotoSerif-Regular.ttf */,
				B04C0FACF44046A7B6386267 /* Soleil-Bold.ttf */,
				FF75445FEB124F46B3AE0793 /* Soleil-Book.otf */,
				ED61005034144775AB735610 /* Soleil-Light.otf */,
				68D481494AB54729938986C7 /* Soleil-Regular.otf */,
				BFC64B4103074D7AA69E04D9 /* Soleil-SemiBold.otf */,
			);
			name = Resources;
			sourceTree = "<group>";
		};
		58E6235987F68EB20BB61A26 /* NebraTests */ = {
			isa = PBXGroup;
			children = (
				1B7F384B36BEBF65291C3764 /* ExpoModulesProvider.swift */,
			);
			name = NebraTests;
			sourceTree = "<group>";
		};
		832341AE1AAA6A7D00B99B32 /* Libraries */ = {
			isa = PBXGroup;
			children = (
			);
			name = Libraries;
			sourceTree = "<group>";
		};
		83CBB9F61A601CBA00E9B192 = {
			isa = PBXGroup;
			children = (
				13B07FAE1A68108700A75B9A /* Nebra */,
				832341AE1AAA6A7D00B99B32 /* Libraries */,
				00E356EF1AD99517003FC87E /* NebraTests */,
				83CBBA001A601CBA00E9B192 /* Products */,
				2D16E6871FA4F8E400B85C8A /* Frameworks */,
				BBB8A579C848048078120971 /* Pods */,
				4E395C02883C4FB2ADE7CF53 /* Resources */,
				B0765E311354073F9F5AC060 /* ExpoModulesProviders */,
			);
			indentWidth = 2;
			sourceTree = "<group>";
			tabWidth = 2;
			usesTabs = 0;
		};
		83CBBA001A601CBA00E9B192 /* Products */ = {
			isa = PBXGroup;
			children = (
				13B07F961A680F5B00A75B9A /* Nebra.app */,
				00E356EE1AD99517003FC87E /* NebraTests.xctest */,
			);
			name = Products;
			sourceTree = "<group>";
		};
		B0765E311354073F9F5AC060 /* ExpoModulesProviders */ = {
			isa = PBXGroup;
			children = (
				19535BEA8BAE3F89ABBA9005 /* Nebra */,
				58E6235987F68EB20BB61A26 /* NebraTests */,
			);
			name = ExpoModulesProviders;
			sourceTree = "<group>";
		};
		BBB8A579C848048078120971 /* Pods */ = {
			isa = PBXGroup;
			children = (
				25340B7256A37E523AF6B776 /* Pods-Nebra.debug.xcconfig */,
				131B3F2792FC4EFA005595E1 /* Pods-Nebra.release.xcconfig */,
				BFB45BBD2A85DBD1301D84BC /* Pods-Nebra-NebraTests.debug.xcconfig */,
				DE9CC2ABA6BCC071224EC7DF /* Pods-Nebra-NebraTests.release.xcconfig */,
			);
			path = Pods;
			sourceTree = "<group>";
		};
/* End PBXGroup section */

/* Begin PBXNativeTarget section */
		00E356ED1AD99517003FC87E /* NebraTests */ = {
			isa = PBXNativeTarget;
			buildConfigurationList = 00E357021AD99517003FC87E /* Build configuration list for PBXNativeTarget "NebraTests" */;
			buildPhases = (
				77C2A180FAF2ECEC031B2BFC /* [CP] Check Pods Manifest.lock */,
				00E356EA1AD99517003FC87E /* Sources */,
				00E356EB1AD99517003FC87E /* Frameworks */,
				00E356EC1AD99517003FC87E /* Resources */,
				0038EAC593322FA1EE8C387E /* [CP] Embed Pods Frameworks */,
				9CC19600D1555DA5ED85B5F9 /* [CP] Copy Pods Resources */,
			);
			buildRules = (
			);
			dependencies = (
				00E356F51AD99517003FC87E /* PBXTargetDependency */,
			);
			name = NebraTests;
			productName = NebraTests;
			productReference = 00E356EE1AD99517003FC87E /* NebraTests.xctest */;
			productType = "com.apple.product-type.bundle.unit-test";
		};
		13B07F861A680F5B00A75B9A /* Nebra */ = {
			isa = PBXNativeTarget;
			buildConfigurationList = 13B07F931A680F5B00A75B9A /* Build configuration list for PBXNativeTarget "Nebra" */;
			buildPhases = (
				0103E73B626F0B8DC823B3E8 /* [CP] Check Pods Manifest.lock */,
				FD10A7F022414F080027D42C /* Start Packager */,
				13B07F871A680F5B00A75B9A /* Sources */,
				13B07F8C1A680F5B00A75B9A /* Frameworks */,
				13B07F8E1A680F5B00A75B9A /* Resources */,
				00DD1BFF1BD5951E006B06BC /* Bundle React Native code and images */,
				F8B0E225256300AD00EB1E73 /* Embed App Extensions */,
				491486BDF219C0BBBBD02CF8 /* [CP] Embed Pods Frameworks */,
				CD738B53C9E63C2BEE40515E /* [CP] Copy Pods Resources */,
				CC16D632DFFF47FFB38FFA36 /* Upload Debug Symbols to Sentry */,
			);
			buildRules = (
			);
			dependencies = (
			);
			name = Nebra;
			productName = Nebra;
			productReference = 13B07F961A680F5B00A75B9A /* Nebra.app */;
			productType = "com.apple.product-type.application";
		};
/* End PBXNativeTarget section */

/* Begin PBXProject section */
		83CBB9F71A601CBA00E9B192 /* Project object */ = {
			isa = PBXProject;
			attributes = {
				LastSwiftUpdateCheck = 1220;
				LastUpgradeCheck = 1130;
				TargetAttributes = {
					00E356ED1AD99517003FC87E = {
						CreatedOnToolsVersion = 6.2;
						TestTargetID = 13B07F861A680F5B00A75B9A;
					};
					13B07F861A680F5B00A75B9A = {
						DevelopmentTeam = SDV42U7N4S;
						LastSwiftMigration = 1250;
					};
				};
			};
			buildConfigurationList = 83CBB9FA1A601CBA00E9B192 /* Build configuration list for PBXProject "Nebra" */;
			compatibilityVersion = "Xcode 3.2";
			developmentRegion = en;
			hasScannedForEncodings = 0;
			knownRegions = (
				en,
				Base,
			);
			mainGroup = 83CBB9F61A601CBA00E9B192;
			productRefGroup = 83CBBA001A601CBA00E9B192 /* Products */;
			projectDirPath = "";
			projectRoot = "";
			targets = (
				13B07F861A680F5B00A75B9A /* Nebra */,
				00E356ED1AD99517003FC87E /* NebraTests */,
			);
		};
/* End PBXProject section */

/* Begin PBXResourcesBuildPhase section */
		00E356EC1AD99517003FC87E /* Resources */ = {
			isa = PBXResourcesBuildPhase;
			buildActionMask = 2147483647;
			files = (
			);
			runOnlyForDeploymentPostprocessing = 0;
		};
		13B07F8E1A680F5B00A75B9A /* Resources */ = {
			isa = PBXResourcesBuildPhase;
			buildActionMask = 2147483647;
			files = (
				81AB9BB82411601600AC10FF /* LaunchScreen.storyboard in Resources */,
				13B07FBF1A68108700A75B9A /* Images.xcassets in Resources */,
				94D04421FF644811AB74A577 /* SplashScreen.storyboard in Resources */,
				65E1C9BDDF8F4ABE83664BF6 /* InputMono-Bold.ttf in Resources */,
				5F985E57455542968CBF8D08 /* InputMono-Light.ttf in Resources */,
				8E1FA42FB6B249DD935F3230 /* InputMono-Medium.ttf in Resources */,
				BFC02D3E6B594D2599F7F51A /* InputMono-Regular.ttf in Resources */,
				4BA26FE8BF3F4C21834310E0 /* Inter-Black.otf in Resources */,
				BC1C8D2066F94F6A9FB9C4FA /* Inter-BlackItalic.otf in Resources */,
				AB1857680BD24A12948F47A0 /* Inter-Bold.otf in Resources */,
				F149B238DB484C94AB4A698C /* Inter-BoldItalic.otf in Resources */,
				F4C03F23BF854FCC8E672AB0 /* Inter-ExtraBold.otf in Resources */,
				F68DCB2D248C48D1B21317C9 /* Inter-ExtraBoldItalic.otf in Resources */,
				6EFFB6485D1346E2A1AFEFF5 /* Inter-ExtraLight.otf in Resources */,
				E7A35657F9204661B2E42451 /* Inter-ExtraLightItalic.otf in Resources */,
				6661ED5CB29F47B79F0AC99C /* Inter-Italic.otf in Resources */,
				C8AA8C82087A452EABEC614F /* Inter-Light.otf in Resources */,
				F8DCE83B8C214420BAD4FB6F /* Inter-LightItalic.otf in Resources */,
				E02E6649D9A84B2EBE4A2C8E /* Inter-Medium.otf in Resources */,
				4A77FB337CAD456D9370EFC6 /* Inter-MediumItalic.otf in Resources */,
				61A19470368E44DA9DDCA6EB /* Inter-Regular.otf in Resources */,
				C8FA9CAE35254E1BB6E3DF55 /* Inter-SemiBold.otf in Resources */,
				B0ADCAB187E146A2A2E0F646 /* Inter-SemiBoldItalic.otf in Resources */,
				5906EE5D2CDC48419E7A1B5B /* Inter-Thin.otf in Resources */,
				E6A35AB4E531457597AD427E /* Inter-ThinItalic.otf in Resources */,
				9831B45C0C934D5DA7C1E376 /* Inter-V.ttf in Resources */,
				E3B4BE6121004BE390342382 /* NotoSerif-Bold.ttf in Resources */,
				36A3CD3DF0F348F7B14E5E7B /* NotoSerif-BoldItalic.ttf in Resources */,
				8D875E73C9EF4FDBAFE0BC04 /* NotoSerif-Italic.ttf in Resources */,
				1D60E4A1E4684B6EAA3FC42C /* NotoSerif-Regular.ttf in Resources */,
				3ABE5B1E93EA450A98ACD11C /* Soleil-Bold.ttf in Resources */,
				DC1FCD22462C44DF9D5B28D1 /* Soleil-Book.otf in Resources */,
				F7EC3B25C8DD4087BE093542 /* Soleil-Light.otf in Resources */,
				C8D2547F52474DBA870637A3 /* Soleil-Regular.otf in Resources */,
				3C3B78E8216E4A24B3D41182 /* Soleil-SemiBold.otf in Resources */,
			);
			runOnlyForDeploymentPostprocessing = 0;
		};
/* End PBXResourcesBuildPhase section */

/* Begin PBXShellScriptBuildPhase section */
		0038EAC593322FA1EE8C387E /* [CP] Embed Pods Frameworks */ = {
			isa = PBXShellScriptBuildPhase;
			buildActionMask = 2147483647;
			files = (
			);
			inputPaths = (
				"${PODS_ROOT}/Target Support Files/Pods-Nebra-NebraTests/Pods-Nebra-NebraTests-frameworks.sh",
				"${PODS_ROOT}/Mapbox-iOS-SDK/dynamic/Mapbox.framework",
				"${BUILT_PRODUCTS_DIR}/MapboxMobileEvents/MapboxMobileEvents.framework",
				"${PODS_XCFRAMEWORKS_BUILD_DIR}/Flipper-DoubleConversion/double-conversion.framework/double-conversion",
				"${PODS_XCFRAMEWORKS_BUILD_DIR}/Flipper-Glog/glog.framework/glog",
				"${PODS_XCFRAMEWORKS_BUILD_DIR}/OpenSSL-Universal/OpenSSL.framework/OpenSSL",
			);
			name = "[CP] Embed Pods Frameworks";
			outputPaths = (
				"${TARGET_BUILD_DIR}/${FRAMEWORKS_FOLDER_PATH}/Mapbox.framework",
				"${TARGET_BUILD_DIR}/${FRAMEWORKS_FOLDER_PATH}/MapboxMobileEvents.framework",
				"${TARGET_BUILD_DIR}/${FRAMEWORKS_FOLDER_PATH}/double-conversion.framework",
				"${TARGET_BUILD_DIR}/${FRAMEWORKS_FOLDER_PATH}/glog.framework",
				"${TARGET_BUILD_DIR}/${FRAMEWORKS_FOLDER_PATH}/OpenSSL.framework",
			);
			runOnlyForDeploymentPostprocessing = 0;
			shellPath = /bin/sh;
			shellScript = "\"${PODS_ROOT}/Target Support Files/Pods-Nebra-NebraTests/Pods-Nebra-NebraTests-frameworks.sh\"\n";
			showEnvVarsInLog = 0;
		};
		00DD1BFF1BD5951E006B06BC /* Bundle React Native code and images */ = {
			isa = PBXShellScriptBuildPhase;
			buildActionMask = 2147483647;
			files = (
			);
			inputPaths = (
			);
			name = "Bundle React Native code and images";
			outputPaths = (
			);
			runOnlyForDeploymentPostprocessing = 0;
			shellPath = /bin/sh;
			shellScript = "export SENTRY_PROPERTIES=sentry.properties\nexport EXTRA_PACKAGER_ARGS=\"--sourcemap-output $DERIVED_FILE_DIR/main.jsbundle.map\"\nexport NODE_BINARY=node\nexport EXTRA_PACKAGER_ARGS=\"--sourcemap-output $DERIVED_FILE_DIR/main.jsbundle.map\"\n../node_modules/@sentry/cli/bin/sentry-cli react-native xcode ../node_modules/react-native/scripts/react-native-xcode.sh\n";
		};
		0103E73B626F0B8DC823B3E8 /* [CP] Check Pods Manifest.lock */ = {
			isa = PBXShellScriptBuildPhase;
			buildActionMask = 2147483647;
			files = (
			);
			inputFileListPaths = (
			);
			inputPaths = (
				"${PODS_PODFILE_DIR_PATH}/Podfile.lock",
				"${PODS_ROOT}/Manifest.lock",
			);
			name = "[CP] Check Pods Manifest.lock";
			outputFileListPaths = (
			);
			outputPaths = (
				"$(DERIVED_FILE_DIR)/Pods-Nebra-checkManifestLockResult.txt",
			);
			runOnlyForDeploymentPostprocessing = 0;
			shellPath = /bin/sh;
			shellScript = "diff \"${PODS_PODFILE_DIR_PATH}/Podfile.lock\" \"${PODS_ROOT}/Manifest.lock\" > /dev/null\nif [ $? != 0 ] ; then\n    # print error to STDERR\n    echo \"error: The sandbox is not in sync with the Podfile.lock. Run 'pod install' or update your CocoaPods installation.\" >&2\n    exit 1\nfi\n# This output is used by Xcode 'outputs' to avoid re-running this script phase.\necho \"SUCCESS\" > \"${SCRIPT_OUTPUT_FILE_0}\"\n";
			showEnvVarsInLog = 0;
		};
		491486BDF219C0BBBBD02CF8 /* [CP] Embed Pods Frameworks */ = {
			isa = PBXShellScriptBuildPhase;
			buildActionMask = 2147483647;
			files = (
			);
			inputPaths = (
				"${PODS_ROOT}/Target Support Files/Pods-Nebra/Pods-Nebra-frameworks.sh",
				"${PODS_ROOT}/Mapbox-iOS-SDK/dynamic/Mapbox.framework",
				"${BUILT_PRODUCTS_DIR}/MapboxMobileEvents/MapboxMobileEvents.framework",
				"${PODS_XCFRAMEWORKS_BUILD_DIR}/Flipper-DoubleConversion/double-conversion.framework/double-conversion",
				"${PODS_XCFRAMEWORKS_BUILD_DIR}/Flipper-Glog/glog.framework/glog",
				"${PODS_XCFRAMEWORKS_BUILD_DIR}/OpenSSL-Universal/OpenSSL.framework/OpenSSL",
			);
			name = "[CP] Embed Pods Frameworks";
			outputPaths = (
				"${TARGET_BUILD_DIR}/${FRAMEWORKS_FOLDER_PATH}/Mapbox.framework",
				"${TARGET_BUILD_DIR}/${FRAMEWORKS_FOLDER_PATH}/MapboxMobileEvents.framework",
				"${TARGET_BUILD_DIR}/${FRAMEWORKS_FOLDER_PATH}/double-conversion.framework",
				"${TARGET_BUILD_DIR}/${FRAMEWORKS_FOLDER_PATH}/glog.framework",
				"${TARGET_BUILD_DIR}/${FRAMEWORKS_FOLDER_PATH}/OpenSSL.framework",
			);
			runOnlyForDeploymentPostprocessing = 0;
			shellPath = /bin/sh;
			shellScript = "\"${PODS_ROOT}/Target Support Files/Pods-Nebra/Pods-Nebra-frameworks.sh\"\n";
			showEnvVarsInLog = 0;
		};
		77C2A180FAF2ECEC031B2BFC /* [CP] Check Pods Manifest.lock */ = {
			isa = PBXShellScriptBuildPhase;
			buildActionMask = 2147483647;
			files = (
			);
			inputFileListPaths = (
			);
			inputPaths = (
				"${PODS_PODFILE_DIR_PATH}/Podfile.lock",
				"${PODS_ROOT}/Manifest.lock",
			);
			name = "[CP] Check Pods Manifest.lock";
			outputFileListPaths = (
			);
			outputPaths = (
				"$(DERIVED_FILE_DIR)/Pods-Nebra-NebraTests-checkManifestLockResult.txt",
			);
			runOnlyForDeploymentPostprocessing = 0;
			shellPath = /bin/sh;
			shellScript = "diff \"${PODS_PODFILE_DIR_PATH}/Podfile.lock\" \"${PODS_ROOT}/Manifest.lock\" > /dev/null\nif [ $? != 0 ] ; then\n    # print error to STDERR\n    echo \"error: The sandbox is not in sync with the Podfile.lock. Run 'pod install' or update your CocoaPods installation.\" >&2\n    exit 1\nfi\n# This output is used by Xcode 'outputs' to avoid re-running this script phase.\necho \"SUCCESS\" > \"${SCRIPT_OUTPUT_FILE_0}\"\n";
			showEnvVarsInLog = 0;
		};
		9CC19600D1555DA5ED85B5F9 /* [CP] Copy Pods Resources */ = {
			isa = PBXShellScriptBuildPhase;
			buildActionMask = 2147483647;
			files = (
			);
			inputPaths = (
				"${PODS_ROOT}/Target Support Files/Pods-Nebra-NebraTests/Pods-Nebra-NebraTests-resources.sh",
				"${PODS_CONFIGURATION_BUILD_DIR}/EXConstants/EXConstants.bundle",
				"${PODS_CONFIGURATION_BUILD_DIR}/React-Core/AccessibilityResources.bundle",
			);
			name = "[CP] Copy Pods Resources";
			outputPaths = (
				"${TARGET_BUILD_DIR}/${UNLOCALIZED_RESOURCES_FOLDER_PATH}/EXConstants.bundle",
				"${TARGET_BUILD_DIR}/${UNLOCALIZED_RESOURCES_FOLDER_PATH}/AccessibilityResources.bundle",
			);
			runOnlyForDeploymentPostprocessing = 0;
			shellPath = /bin/sh;
			shellScript = "\"${PODS_ROOT}/Target Support Files/Pods-Nebra-NebraTests/Pods-Nebra-NebraTests-resources.sh\"\n";
			showEnvVarsInLog = 0;
		};
		CC16D632DFFF47FFB38FFA36 /* Upload Debug Symbols to Sentry */ = {
			isa = PBXShellScriptBuildPhase;
			buildActionMask = 2147483647;
			files = (
			);
			inputPaths = (
			);
			name = "Upload Debug Symbols to Sentry";
			outputPaths = (
			);
			runOnlyForDeploymentPostprocessing = 0;
			shellPath = /bin/sh;
			shellScript = "export SENTRY_PROPERTIES=sentry.properties\n../node_modules/@sentry/cli/bin/sentry-cli upload-dsym";
		};
		CD738B53C9E63C2BEE40515E /* [CP] Copy Pods Resources */ = {
			isa = PBXShellScriptBuildPhase;
			buildActionMask = 2147483647;
			files = (
			);
			inputPaths = (
				"${PODS_ROOT}/Target Support Files/Pods-Nebra/Pods-Nebra-resources.sh",
				"${PODS_CONFIGURATION_BUILD_DIR}/EXConstants/EXConstants.bundle",
				"${PODS_CONFIGURATION_BUILD_DIR}/React-Core/AccessibilityResources.bundle",
			);
			name = "[CP] Copy Pods Resources";
			outputPaths = (
				"${TARGET_BUILD_DIR}/${UNLOCALIZED_RESOURCES_FOLDER_PATH}/EXConstants.bundle",
				"${TARGET_BUILD_DIR}/${UNLOCALIZED_RESOURCES_FOLDER_PATH}/AccessibilityResources.bundle",
			);
			runOnlyForDeploymentPostprocessing = 0;
			shellPath = /bin/sh;
			shellScript = "\"${PODS_ROOT}/Target Support Files/Pods-Nebra/Pods-Nebra-resources.sh\"\n";
			showEnvVarsInLog = 0;
		};
		FD10A7F022414F080027D42C /* Start Packager */ = {
			isa = PBXShellScriptBuildPhase;
			buildActionMask = 2147483647;
			files = (
			);
			inputFileListPaths = (
			);
			inputPaths = (
			);
			name = "Start Packager";
			outputFileListPaths = (
			);
			outputPaths = (
			);
			runOnlyForDeploymentPostprocessing = 0;
			shellPath = /bin/sh;
			shellScript = "export RCT_METRO_PORT=\"${RCT_METRO_PORT:=8081}\"\necho \"export RCT_METRO_PORT=${RCT_METRO_PORT}\" > \"${SRCROOT}/../node_modules/react-native/scripts/.packager.env\"\nif [ -z \"${RCT_NO_LAUNCH_PACKAGER+xxx}\" ] ; then\n  if nc -w 5 -z localhost ${RCT_METRO_PORT} ; then\n    if ! curl -s \"http://localhost:${RCT_METRO_PORT}/status\" | grep -q \"packager-status:running\" ; then\n      echo \"Port ${RCT_METRO_PORT} already in use, packager is either not running or not running correctly\"\n      exit 2\n    fi\n  else\n    open \"$SRCROOT/../node_modules/react-native/scripts/launchPackager.command\" || echo \"Can't start packager automatically\"\n  fi\nfi\n";
			showEnvVarsInLog = 0;
		};
/* End PBXShellScriptBuildPhase section */

/* Begin PBXSourcesBuildPhase section */
		00E356EA1AD99517003FC87E /* Sources */ = {
			isa = PBXSourcesBuildPhase;
			buildActionMask = 2147483647;
			files = (
				00E356F31AD99517003FC87E /* NebraTests.m in Sources */,
				52DF7BF9B6F6812C987607E2 /* ExpoModulesProvider.swift in Sources */,
			);
			runOnlyForDeploymentPostprocessing = 0;
		};
		13B07F871A680F5B00A75B9A /* Sources */ = {
			isa = PBXSourcesBuildPhase;
			buildActionMask = 2147483647;
			files = (
				964E9C302638CD0C00CCBCCC /* bridge.swift in Sources */,
				13B07FBC1A68108700A75B9A /* AppDelegate.mm in Sources */,
				13B07FC11A68108700A75B9A /* main.m in Sources */,
				3AAA8194DB4D059944852532 /* ExpoModulesProvider.swift in Sources */,
			);
			runOnlyForDeploymentPostprocessing = 0;
		};
/* End PBXSourcesBuildPhase section */

/* Begin PBXTargetDependency section */
		00E356F51AD99517003FC87E /* PBXTargetDependency */ = {
			isa = PBXTargetDependency;
			target = 13B07F861A680F5B00A75B9A /* Nebra */;
			targetProxy = 00E356F41AD99517003FC87E /* PBXContainerItemProxy */;
		};
/* End PBXTargetDependency section */

/* Begin XCBuildConfiguration section */
		00E356F61AD99517003FC87E /* Debug */ = {
			isa = XCBuildConfiguration;
			baseConfigurationReference = BFB45BBD2A85DBD1301D84BC /* Pods-Nebra-NebraTests.debug.xcconfig */;
			buildSettings = {
				ALWAYS_EMBED_SWIFT_STANDARD_LIBRARIES = YES;
				BUNDLE_LOADER = "$(TEST_HOST)";
				GCC_PREPROCESSOR_DEFINITIONS = (
					"DEBUG=1",
					"$(inherited)",
				);
				INFOPLIST_FILE = NebraTests/Info.plist;
				IPHONEOS_DEPLOYMENT_TARGET = 13.0;
				LD_RUNPATH_SEARCH_PATHS = "$(inherited) @executable_path/Frameworks @loader_path/Frameworks";
				OTHER_LDFLAGS = (
					"-ObjC",
					"-lc++",
					"$(inherited)",
				);
				OTHER_SWIFT_FLAGS = "$(inherited) -D EXPO_CONFIGURATION_DEBUG";
				PRODUCT_BUNDLE_IDENTIFIER = "org.reactjs.native.example.$(PRODUCT_NAME:rfc1034identifier)";
				PRODUCT_NAME = "$(TARGET_NAME)";
				TEST_HOST = "$(BUILT_PRODUCTS_DIR)/Nebra.app/Nebra";
			};
			name = Debug;
		};
		00E356F71AD99517003FC87E /* Release */ = {
			isa = XCBuildConfiguration;
			baseConfigurationReference = DE9CC2ABA6BCC071224EC7DF /* Pods-Nebra-NebraTests.release.xcconfig */;
			buildSettings = {
				ALWAYS_EMBED_SWIFT_STANDARD_LIBRARIES = YES;
				BUNDLE_LOADER = "$(TEST_HOST)";
				COPY_PHASE_STRIP = NO;
				INFOPLIST_FILE = NebraTests/Info.plist;
				IPHONEOS_DEPLOYMENT_TARGET = 13.0;
				LD_RUNPATH_SEARCH_PATHS = "$(inherited) @executable_path/Frameworks @loader_path/Frameworks";
				OTHER_LDFLAGS = (
					"-ObjC",
					"-lc++",
					"$(inherited)",
				);
				OTHER_SWIFT_FLAGS = "$(inherited) -D EXPO_CONFIGURATION_RELEASE";
				PRODUCT_BUNDLE_IDENTIFIER = "org.reactjs.native.example.$(PRODUCT_NAME:rfc1034identifier)";
				PRODUCT_NAME = "$(TARGET_NAME)";
				TEST_HOST = "$(BUILT_PRODUCTS_DIR)/Nebra.app/Nebra";
			};
			name = Release;
		};
		13B07F941A680F5B00A75B9A /* Debug */ = {
			isa = XCBuildConfiguration;
			baseConfigurationReference = 25340B7256A37E523AF6B776 /* Pods-Nebra.debug.xcconfig */;
			buildSettings = {
				ALWAYS_EMBED_SWIFT_STANDARD_LIBRARIES = YES;
				ASSETCATALOG_COMPILER_APPICON_NAME = AppIcon;
				CLANG_ENABLE_MODULES = YES;
				CODE_SIGN_ENTITLEMENTS = Nebra/Nebra.entitlements;
				CURRENT_PROJECT_VERSION = 2;
				DEVELOPMENT_TEAM = SDV42U7N4S;
				ENABLE_BITCODE = NO;
				EXCLUDED_ARCHS = "";
				"EXCLUDED_ARCHS[sdk=iphonesimulator*]" = arm64;
				INFOPLIST_FILE = Nebra/Info.plist;
				LD_RUNPATH_SEARCH_PATHS = "$(inherited) @executable_path/Frameworks";
				MARKETING_VERSION = 1.0.5;
				OTHER_LDFLAGS = (
					"$(inherited)",
					"-ObjC",
					"-lc++",
				);
				OTHER_SWIFT_FLAGS = "$(inherited) -D EXPO_CONFIGURATION_DEBUG";
				PRODUCT_BUNDLE_IDENTIFIER = com.nebra.helium.maker;
				PRODUCT_NAME = Nebra;
				SWIFT_OBJC_BRIDGING_HEADER = "Nebra-Bridging-Header.h";
				SWIFT_OPTIMIZATION_LEVEL = "-Onone";
				SWIFT_VERSION = 5.0;
				TARGETED_DEVICE_FAMILY = "1,2";
				VERSIONING_SYSTEM = "apple-generic";
			};
			name = Debug;
		};
		13B07F951A680F5B00A75B9A /* Release */ = {
			isa = XCBuildConfiguration;
			baseConfigurationReference = 131B3F2792FC4EFA005595E1 /* Pods-Nebra.release.xcconfig */;
			buildSettings = {
				ALWAYS_EMBED_SWIFT_STANDARD_LIBRARIES = YES;
				ASSETCATALOG_COMPILER_APPICON_NAME = AppIcon;
				CLANG_ENABLE_MODULES = YES;
				CODE_SIGN_ENTITLEMENTS = Nebra/NebraRelease.entitlements;
				CURRENT_PROJECT_VERSION = 2;
				DEVELOPMENT_TEAM = SDV42U7N4S;
				EXCLUDED_ARCHS = "";
				"EXCLUDED_ARCHS[sdk=iphonesimulator*]" = arm64;
				INFOPLIST_FILE = Nebra/Info.plist;
				LD_RUNPATH_SEARCH_PATHS = "$(inherited) @executable_path/Frameworks";
				MARKETING_VERSION = 1.0.5;
				OTHER_LDFLAGS = (
					"$(inherited)",
					"-ObjC",
					"-lc++",
				);
				OTHER_SWIFT_FLAGS = "$(inherited) -D EXPO_CONFIGURATION_RELEASE";
				PRODUCT_BUNDLE_IDENTIFIER = com.nebra.helium.maker;
				PRODUCT_NAME = Nebra;
				SWIFT_OBJC_BRIDGING_HEADER = "Nebra-Bridging-Header.h";
				SWIFT_VERSION = 5.0;
				TARGETED_DEVICE_FAMILY = "1,2";
				VERSIONING_SYSTEM = "apple-generic";
			};
			name = Release;
		};
		83CBBA201A601CBA00E9B192 /* Debug */ = {
			isa = XCBuildConfiguration;
			buildSettings = {
				ALWAYS_SEARCH_USER_PATHS = NO;
				CLANG_ANALYZER_LOCALIZABILITY_NONLOCALIZED = YES;
				CLANG_CXX_LANGUAGE_STANDARD = "c++17";
				CLANG_CXX_LIBRARY = "libc++";
				CLANG_ENABLE_MODULES = YES;
				CLANG_ENABLE_OBJC_ARC = YES;
				CLANG_WARN_BLOCK_CAPTURE_AUTORELEASING = YES;
				CLANG_WARN_BOOL_CONVERSION = YES;
				CLANG_WARN_COMMA = YES;
				CLANG_WARN_CONSTANT_CONVERSION = YES;
				CLANG_WARN_DEPRECATED_OBJC_IMPLEMENTATIONS = YES;
				CLANG_WARN_DIRECT_OBJC_ISA_USAGE = YES_ERROR;
				CLANG_WARN_EMPTY_BODY = YES;
				CLANG_WARN_ENUM_CONVERSION = YES;
				CLANG_WARN_INFINITE_RECURSION = YES;
				CLANG_WARN_INT_CONVERSION = YES;
				CLANG_WARN_NON_LITERAL_NULL_CONVERSION = YES;
				CLANG_WARN_OBJC_IMPLICIT_RETAIN_SELF = YES;
				CLANG_WARN_OBJC_LITERAL_CONVERSION = YES;
				CLANG_WARN_OBJC_ROOT_CLASS = YES_ERROR;
				CLANG_WARN_RANGE_LOOP_ANALYSIS = YES;
				CLANG_WARN_STRICT_PROTOTYPES = YES;
				CLANG_WARN_SUSPICIOUS_MOVE = YES;
				CLANG_WARN_UNREACHABLE_CODE = YES;
				CLANG_WARN__DUPLICATE_METHOD_MATCH = YES;
				"CODE_SIGN_IDENTITY[sdk=iphoneos*]" = "iPhone Developer";
				COPY_PHASE_STRIP = NO;
				ENABLE_STRICT_OBJC_MSGSEND = YES;
				ENABLE_TESTABILITY = YES;
				EXCLUDED_ARCHS = "";
				"EXCLUDED_ARCHS[sdk=iphonesimulator*]" = "";
				GCC_C_LANGUAGE_STANDARD = gnu99;
				GCC_DYNAMIC_NO_PIC = NO;
				GCC_NO_COMMON_BLOCKS = YES;
				GCC_OPTIMIZATION_LEVEL = 0;
				GCC_PREPROCESSOR_DEFINITIONS = (
					"DEBUG=1",
					"$(inherited)",
				);
				GCC_SYMBOLS_PRIVATE_EXTERN = NO;
				GCC_WARN_64_TO_32_BIT_CONVERSION = YES;
				GCC_WARN_ABOUT_RETURN_TYPE = YES_ERROR;
				GCC_WARN_UNDECLARED_SELECTOR = YES;
				GCC_WARN_UNINITIALIZED_AUTOS = YES_AGGRESSIVE;
				GCC_WARN_UNUSED_FUNCTION = YES;
				GCC_WARN_UNUSED_VARIABLE = YES;
				IPHONEOS_DEPLOYMENT_TARGET = 13.0;
				LD_RUNPATH_SEARCH_PATHS = "/usr/lib/swift $(inherited)";
				LIBRARY_SEARCH_PATHS = (
					"$(SDKROOT)/usr/lib/swift",
					"\"$(TOOLCHAIN_DIR)/usr/lib/swift/$(PLATFORM_NAME)\"",
					"\"$(inherited)\"",
				);
				MTL_ENABLE_DEBUG_INFO = YES;
				ONLY_ACTIVE_ARCH = YES;
				REACT_NATIVE_PATH = "${PODS_ROOT}/../../node_modules/react-native";
				SDKROOT = iphoneos;
			};
			name = Debug;
		};
		83CBBA211A601CBA00E9B192 /* Release */ = {
			isa = XCBuildConfiguration;
			buildSettings = {
				ALWAYS_SEARCH_USER_PATHS = NO;
				CLANG_ANALYZER_LOCALIZABILITY_NONLOCALIZED = YES;
				CLANG_CXX_LANGUAGE_STANDARD = "c++17";
				CLANG_CXX_LIBRARY = "libc++";
				CLANG_ENABLE_MODULES = YES;
				CLANG_ENABLE_OBJC_ARC = YES;
				CLANG_WARN_BLOCK_CAPTURE_AUTORELEASING = YES;
				CLANG_WARN_BOOL_CONVERSION = YES;
				CLANG_WARN_COMMA = YES;
				CLANG_WARN_CONSTANT_CONVERSION = YES;
				CLANG_WARN_DEPRECATED_OBJC_IMPLEMENTATIONS = YES;
				CLANG_WARN_DIRECT_OBJC_ISA_USAGE = YES_ERROR;
				CLANG_WARN_EMPTY_BODY = YES;
				CLANG_WARN_ENUM_CONVERSION = YES;
				CLANG_WARN_INFINITE_RECURSION = YES;
				CLANG_WARN_INT_CONVERSION = YES;
				CLANG_WARN_NON_LITERAL_NULL_CONVERSION = YES;
				CLANG_WARN_OBJC_IMPLICIT_RETAIN_SELF = YES;
				CLANG_WARN_OBJC_LITERAL_CONVERSION = YES;
				CLANG_WARN_OBJC_ROOT_CLASS = YES_ERROR;
				CLANG_WARN_RANGE_LOOP_ANALYSIS = YES;
				CLANG_WARN_STRICT_PROTOTYPES = YES;
				CLANG_WARN_SUSPICIOUS_MOVE = YES;
				CLANG_WARN_UNREACHABLE_CODE = YES;
				CLANG_WARN__DUPLICATE_METHOD_MATCH = YES;
				"CODE_SIGN_IDENTITY[sdk=iphoneos*]" = "iPhone Developer";
				COPY_PHASE_STRIP = YES;
				ENABLE_NS_ASSERTIONS = NO;
				ENABLE_STRICT_OBJC_MSGSEND = YES;
				EXCLUDED_ARCHS = "";
				"EXCLUDED_ARCHS[sdk=iphonesimulator*]" = "";
				GCC_C_LANGUAGE_STANDARD = gnu99;
				GCC_NO_COMMON_BLOCKS = YES;
				GCC_WARN_64_TO_32_BIT_CONVERSION = YES;
				GCC_WARN_ABOUT_RETURN_TYPE = YES_ERROR;
				GCC_WARN_UNDECLARED_SELECTOR = YES;
				GCC_WARN_UNINITIALIZED_AUTOS = YES_AGGRESSIVE;
				GCC_WARN_UNUSED_FUNCTION = YES;
				GCC_WARN_UNUSED_VARIABLE = YES;
				IPHONEOS_DEPLOYMENT_TARGET = 13.0;
				LD_RUNPATH_SEARCH_PATHS = "/usr/lib/swift $(inherited)";
				LIBRARY_SEARCH_PATHS = (
					"$(SDKROOT)/usr/lib/swift",
					"\"$(TOOLCHAIN_DIR)/usr/lib/swift/$(PLATFORM_NAME)\"",
					"\"$(inherited)\"",
				);
				MTL_ENABLE_DEBUG_INFO = NO;
				REACT_NATIVE_PATH = "${PODS_ROOT}/../../node_modules/react-native";
				SDKROOT = iphoneos;
				VALIDATE_PRODUCT = YES;
			};
			name = Release;
		};
/* End XCBuildConfiguration section */

/* Begin XCConfigurationList section */
		00E357021AD99517003FC87E /* Build configuration list for PBXNativeTarget "NebraTests" */ = {
			isa = XCConfigurationList;
			buildConfigurations = (
				00E356F61AD99517003FC87E /* Debug */,
				00E356F71AD99517003FC87E /* Release */,
			);
			defaultConfigurationIsVisible = 0;
			defaultConfigurationName = Release;
		};
		13B07F931A680F5B00A75B9A /* Build configuration list for PBXNativeTarget "Nebra" */ = {
			isa = XCConfigurationList;
			buildConfigurations = (
				13B07F941A680F5B00A75B9A /* Debug */,
				13B07F951A680F5B00A75B9A /* Release */,
			);
			defaultConfigurationIsVisible = 0;
			defaultConfigurationName = Release;
		};
		83CBB9FA1A601CBA00E9B192 /* Build configuration list for PBXProject "Nebra" */ = {
			isa = XCConfigurationList;
			buildConfigurations = (
				83CBBA201A601CBA00E9B192 /* Debug */,
				83CBBA211A601CBA00E9B192 /* Release */,
			);
			defaultConfigurationIsVisible = 0;
			defaultConfigurationName = Release;
		};
/* End XCConfigurationList section */
	};
	rootObject = 83CBB9F71A601CBA00E9B192 /* Project object */;
}
